
Microsoft Visual Studio Solution File, Format Version 12.00
# Visual Studio Version 17
VisualStudioVersion = 17.7.34031.279
MinimumVisualStudioVersion = 10.0.40219.1
Project("{FAE04EC0-301F-11D3-BF4B-00C04F79EFBC}") = "10.B the sum of three given integers", "10.B the sum of three given integers\10.B the sum of three given integers.csproj", "{B2E555C7-9415-4404-B093-12B600CC6820}"
EndProject
Global
	GlobalSection(SolutionConfigurationPlatforms) = preSolution
		Debug|Any CPU = Debug|Any CPU
		Release|Any CPU = Release|Any CPU
	EndGlobalSection
	GlobalSection(ProjectConfigurationPlatforms) = postSolution
		{B2E555C7-9415-4404-B093-12B600CC6820}.Debug|Any CPU.ActiveCfg = Debug|Any CPU
		{B2E555C7-9415-4404-B093-12B600CC6820}.Debug|Any CPU.Build.0 = Debug|Any CPU
		{B2E555C7-9415-4404-B093-12B600CC6820}.Release|Any CPU.ActiveCfg = Release|Any CPU
		{B2E555C7-9415-4404-B093-12B600CC6820}.Release|Any CPU.Build.0 = Release|Any CPU
	EndGlobalSection
	GlobalSection(SolutionProperties) = preSolution
		HideSolutionNode = FALSE
	EndGlobalSection
	GlobalSection(ExtensibilityGlobals) = postSolution
		SolutionGuid = {E1CCB249-827B-4190-B160-9E9DC7E960B4}
	EndGlobalSection
EndGlobal
